
Microsoft Visual Studio Solution File, Format Version 12.00
# Visual Studio 15
VisualStudioVersion = 15.0.28010.2019
MinimumVisualStudioVersion = 10.0.40219.1
Project("{FAE04EC0-301F-11D3-BF4B-00C04F79EFBC}") = "dataStructuresGIT", "dataStructuresGIT\dataStructuresGIT.csproj", "{FECB3C9A-6B7B-4363-9C1F-AEFF83E7B664}"
EndProject
Global
	GlobalSection(SolutionConfigurationPlatforms) = preSolution
		Debug|Any CPU = Debug|Any CPU
		Release|Any CPU = Release|Any CPU
	EndGlobalSection
	GlobalSection(ProjectConfigurationPlatforms) = postSolution
		{FECB3C9A-6B7B-4363-9C1F-AEFF83E7B664}.Debug|Any CPU.ActiveCfg = Debug|Any CPU
		{FECB3C9A-6B7B-4363-9C1F-AEFF83E7B664}.Debug|Any CPU.Build.0 = Debug|Any CPU
		{FECB3C9A-6B7B-4363-9C1F-AEFF83E7B664}.Release|Any CPU.ActiveCfg = Release|Any CPU
		{FECB3C9A-6B7B-4363-9C1F-AEFF83E7B664}.Release|Any CPU.Build.0 = Release|Any CPU
	EndGlobalSection
	GlobalSection(SolutionProperties) = preSolution
		HideSolutionNode = FALSE
	EndGlobalSection
	GlobalSection(ExtensibilityGlobals) = postSolution
		SolutionGuid = {A2BE4A78-2760-4886-92F6-224F3252BC7B}
	EndGlobalSection
EndGlobal
